{
    "version": 3,
    "terraform_version": "0.11.3",
    "serial": 3,
    "lineage": "0eabd380-9c86-49d1-9151-7dbdd881b8bb",
    "modules": [
        {
            "path": [
                "root"
            ],
            "outputs": {
                "bucket": {
                    "sensitive": false,
                    "type": "string",
                    "value": "183993618785-logs"
                }
            },
            "resources": {
                "aws_cloudtrail.global_Default": {
                    "type": "aws_cloudtrail",
                    "depends_on": [
                        "aws_s3_bucket.cloudtrail_bucket"
                    ],
                    "primary": {
                        "id": "Default",
                        "attributes": {
                            "arn": "arn:aws:cloudtrail:eu-central-1:183993618785:trail/Default",
                            "cloud_watch_logs_group_arn": "",
                            "cloud_watch_logs_role_arn": "",
                            "enable_log_file_validation": "true",
                            "enable_logging": "true",
                            "event_selector.#": "0",
                            "home_region": "eu-central-1",
                            "id": "Default",
                            "include_global_service_events": "true",
                            "is_multi_region_trail": "true",
                            "kms_key_id": "",
                            "name": "Default",
                            "s3_bucket_name": "183993618785-logs",
                            "s3_key_prefix": "",
                            "sns_topic_name": "",
                            "tags.%": "1",
                            "tags.Name": "Default"
                        },
                        "meta": {},
                        "tainted": false
                    },
                    "deposed": [],
                    "provider": "provider.aws"
                },
                "aws_iam_account_alias.alias": {
                    "type": "aws_iam_account_alias",
                    "depends_on": [],
                    "primary": {
                        "id": "not-set",
                        "attributes": {
                            "account_alias": "not-set",
                            "id": "not-set"
                        },
                        "meta": {},
                        "tainted": false
                    },
                    "deposed": [],
                    "provider": "provider.aws"
                },
                "aws_iam_account_password_policy.strict": {
                    "type": "aws_iam_account_password_policy",
                    "depends_on": [],
                    "primary": {
                        "id": "iam-account-password-policy",
                        "attributes": {
                            "allow_users_to_change_password": "true",
                            "expire_passwords": "false",
                            "hard_expiry": "false",
                            "id": "iam-account-password-policy",
                            "max_password_age": "0",
                            "minimum_password_length": "10",
                            "password_reuse_prevention": "10",
                            "require_lowercase_characters": "true",
                            "require_numbers": "true",
                            "require_symbols": "true",
                            "require_uppercase_characters": "true"
                        },
                        "meta": {},
                        "tainted": false
                    },
                    "deposed": [],
                    "provider": "provider.aws"
                },
                "aws_iam_policy.deny_expensive_EC2_instances": {
                    "type": "aws_iam_policy",
                    "depends_on": [],
                    "primary": {
                        "id": "arn:aws:iam::183993618785:policy/AmazonEC2LimitInstanceCreation",
                        "attributes": {
                            "arn": "arn:aws:iam::183993618785:policy/AmazonEC2LimitInstanceCreation",
                            "description": "Policy to limit creation of expensive EC2 Instances",
                            "id": "arn:aws:iam::183993618785:policy/AmazonEC2LimitInstanceCreation",
                            "name": "AmazonEC2LimitInstanceCreation",
                            "path": "/",
                            "policy": "{\n    \"Version\": \"2012-10-17\",\n    \"Statement\": [\n                {\n            \"Sid\": \"DenyLargeEC2\",\n            \"Effect\": \"Deny\",\n            \"Action\": \"ec2:RunInstances\",\n            \"Resource\": \"*\",\n            \"Condition\": {\n                \"StringLike\": {\n                    \"ec2:InstanceType\": [\n                        \"*xlarge\"\n                    ]\n                }\n            }\n        }\n    ]\n}\n"
                        },
                        "meta": {},
                        "tainted": false
                    },
                    "deposed": [],
                    "provider": "provider.aws"
                },
                "aws_iam_policy.deny_expensive_RDS_instances": {
                    "type": "aws_iam_policy",
                    "depends_on": [],
                    "primary": {
                        "id": "arn:aws:iam::183993618785:policy/AmazonRDSLimitInstanceCreation",
                        "attributes": {
                            "arn": "arn:aws:iam::183993618785:policy/AmazonRDSLimitInstanceCreation",
                            "description": "Policy to limit creation of expensive RDS Instances",
                            "id": "arn:aws:iam::183993618785:policy/AmazonRDSLimitInstanceCreation",
                            "name": "AmazonRDSLimitInstanceCreation",
                            "path": "/",
                            "policy": "{\n    \"Version\": \"2012-10-17\",\n    \"Statement\": [\n        {\n            \"Sid\": \"DenyXlargeRDS\",\n            \"Effect\": \"Deny\",\n            \"Action\": \"rds:CreateDBInstance\",\n            \"Resource\": \"*\",\n            \"Condition\": {\n                \"StringLike\": {\n                    \"rds:DatabaseClass\": [\n                        \"*xlarge\"\n                    ]\n                }\n            }\n        }\n    ]\n}\n"
                        },
                        "meta": {},
                        "tainted": false
                    },
                    "deposed": [],
                    "provider": "provider.aws"
                },
                "aws_iam_policy.deny_expensive_RI_instances": {
                    "type": "aws_iam_policy",
                    "depends_on": [],
                    "primary": {
                        "id": "arn:aws:iam::183993618785:policy/AmazonRILimitInstanceCreation",
                        "attributes": {
                            "arn": "arn:aws:iam::183993618785:policy/AmazonRILimitInstanceCreation",
                            "description": "Policy to limit Reserved Instances",
                            "id": "arn:aws:iam::183993618785:policy/AmazonRILimitInstanceCreation",
                            "name": "AmazonRILimitInstanceCreation",
                            "path": "/",
                            "policy": "{\n    \"Version\": \"2012-10-17\",\n    \"Statement\": [\n          {\n            \"Effect\": \"Deny\",\n            \"Action\": [\"EC2:PurchaseReservedInstancesOffering\"],\n            \"Resource\": \"*\"\n        }\n    ]\n}\n"
                        },
                        "meta": {},
                        "tainted": false
                    },
                    "deposed": [],
                    "provider": "provider.aws"
                },
                "aws_s3_bucket.cloudtrail_bucket": {
                    "type": "aws_s3_bucket",
                    "depends_on": [
                        "local.bucket_name"
                    ],
                    "primary": {
                        "id": "183993618785-logs",
                        "attributes": {
                            "acceleration_status": "",
                            "acl": "private",
                            "arn": "arn:aws:s3:::183993618785-logs",
                            "bucket": "183993618785-logs",
                            "bucket_domain_name": "183993618785-logs.s3.amazonaws.com",
                            "force_destroy": "false",
                            "hosted_zone_id": "Z21DNDUVLTQW6Q",
                            "id": "183993618785-logs",
                            "logging.#": "0",
                            "region": "eu-central-1",
                            "replication_configuration.#": "0",
                            "request_payer": "BucketOwner",
                            "server_side_encryption_configuration.#": "1",
                            "server_side_encryption_configuration.0.rule.#": "1",
                            "server_side_encryption_configuration.0.rule.0.apply_server_side_encryption_by_default.#": "1",
                            "server_side_encryption_configuration.0.rule.0.apply_server_side_encryption_by_default.0.kms_master_key_id": "",
                            "server_side_encryption_configuration.0.rule.0.apply_server_side_encryption_by_default.0.sse_algorithm": "AES256",
                            "tags.%": "1",
                            "tags.Name": "183993618785-logs",
                            "versioning.#": "1",
                            "versioning.0.enabled": "false",
                            "versioning.0.mfa_delete": "false",
                            "website.#": "0"
                        },
                        "meta": {},
                        "tainted": false
                    },
                    "deposed": [],
                    "provider": "provider.aws"
                },
                "aws_s3_bucket_policy.cloudtrail_bucket_policy": {
                    "type": "aws_s3_bucket_policy",
                    "depends_on": [
                        "aws_s3_bucket.cloudtrail_bucket",
                        "data.aws_caller_identity.current",
                        "local.bucket_name"
                    ],
                    "primary": {
                        "id": "183993618785-logs",
                        "attributes": {
                            "bucket": "183993618785-logs",
                            "id": "183993618785-logs",
                            "policy": "{\"Version\":\"2012-10-17\",\"Statement\":[{\"Sid\":\"AWSCloudTrailAclCheck20150319\",\"Effect\":\"Allow\",\"Principal\":{\"Service\":\"cloudtrail.amazonaws.com\"},\"Action\":\"s3:GetBucketAcl\",\"Resource\":\"arn:aws:s3:::183993618785-logs\"},{\"Sid\":\"AWSCloudTrailWrite20150319\",\"Effect\":\"Allow\",\"Principal\":{\"Service\":\"cloudtrail.amazonaws.com\"},\"Action\":\"s3:PutObject\",\"Resource\":\"arn:aws:s3:::183993618785-logs/AWSLogs/183993618785/*\",\"Condition\":{\"StringEquals\":{\"s3:x-amz-acl\":\"bucket-owner-full-control\"}}}]}"
                        },
                        "meta": {},
                        "tainted": false
                    },
                    "deposed": [],
                    "provider": "provider.aws"
                },
                "data.aws_caller_identity.current": {
                    "type": "aws_caller_identity",
                    "depends_on": [],
                    "primary": {
                        "id": "2018-04-18 15:36:19.2139078 +0000 UTC",
                        "attributes": {
                            "account_id": "183993618785",
                            "arn": "arn:aws:iam::183993618785:user/Terraform",
                            "id": "2018-04-18 15:36:19.2139078 +0000 UTC",
                            "user_id": "AIDAJESLWPG4NS25LAN4W"
                        },
                        "meta": {},
                        "tainted": false
                    },
                    "deposed": [],
                    "provider": "provider.aws"
                }
            },
            "depends_on": []
        }
    ]
}
